
Microsoft Visual Studio Solution File, Format Version 12.00
# Visual Studio Version 16
VisualStudioVersion = 16.0.32929.386
MinimumVisualStudioVersion = 10.0.40219.1
Project("{FAE04EC0-301F-11D3-BF4B-00C04F79EFBC}") = "TopicSender", "TopicSender\TopicSender.csproj", "{7CF578E2-CABB-4121-AF1B-BA817C05F185}"
EndProject
Global
	GlobalSection(SolutionConfigurationPlatforms) = preSolution
		Debug|Any CPU = Debug|Any CPU
		Release|Any CPU = Release|Any CPU
	EndGlobalSection
	GlobalSection(ProjectConfigurationPlatforms) = postSolution
		{7CF578E2-CABB-4121-AF1B-BA817C05F185}.Debug|Any CPU.ActiveCfg = Debug|Any CPU
		{7CF578E2-CABB-4121-AF1B-BA817C05F185}.Debug|Any CPU.Build.0 = Debug|Any CPU
		{7CF578E2-CABB-4121-AF1B-BA817C05F185}.Release|Any CPU.ActiveCfg = Release|Any CPU
		{7CF578E2-CABB-4121-AF1B-BA817C05F185}.Release|Any CPU.Build.0 = Release|Any CPU
	EndGlobalSection
	GlobalSection(SolutionProperties) = preSolution
		HideSolutionNode = FALSE
	EndGlobalSection
	GlobalSection(ExtensibilityGlobals) = postSolution
		SolutionGuid = {FC98639C-1E34-4CCC-A7EC-3020131B8661}
	EndGlobalSection
EndGlobal
